NeoBundleLock YouCompleteMe 2de2f0df8df2e5a84e6baacaf1ca2997a5c1d03e
NeoBundleLock bufexplorer ad2cff7615ff9e5d274d588a4263d18e5bea8949
NeoBundleLock ctrlp.vim b5d3fe66a58a13d2ff8b6391f4387608496a030f
NeoBundleLock ctrlsf.vim 7b95e8881d535fbe7e4ea90e3183e26bae29f6e6
NeoBundleLock delimitMate 8bc47fd1c40cdad9ea1f36c0cf13592c70ea65e9
NeoBundleLock emmet-vim 451367a2ce2c964d70ba326a253905e2a5373d23
NeoBundleLock flattown 469a0a989be5572097dc20283fce1620982fbb86
NeoBundleLock indentLine 6011a6132c40d7f8fecadd7b44677f539289ea4c
NeoBundleLock neobundle.vim c4caa04a3409b8d3c8f54e9a0a2c0180eb3b7e6b
NeoBundleLock nerdtree c4f8681b775e42807697155a1155adf2670e1037
NeoBundleLock papercolor-theme 0652ea0aad04e85edd2a2eb2cf88af8eed683a5b
NeoBundleLock supertab 9f7da6d4988daf863ebc414f221bb12c2614f59e
NeoBundleLock syntastic cd40fe97519dc798c1b3e31eb9741d3d60fee17c
NeoBundleLock tabular 60f25648814f0695eeb6c1040d97adca93c4e0bb
NeoBundleLock tcomment_vim f5ca095f3caed4b267737d033d23cea421777149
NeoBundleLock tlib_vim aa6d7a030d2a6c964b370d69889fd4740f8c6b05
NeoBundleLock unite.vim 018807942002a67614c93c8dd970a91e13b93690
NeoBundleLock vim-addon-mw-utils 0c5612fa31ee434ba055e21c76f456244b3b5109
NeoBundleLock vim-airline 14d14cf951c08fc88ca6c3e6f28fe47b99421e23
NeoBundleLock vim-autocomplpop fafd7c15cf1301d98be9785561feffd53919d5ea
NeoBundleLock vim-colors-solarized 528a59f26d12278698bb946f8fb82a63711eec21
NeoBundleLock vim-easy-align 7cb559eb70600bbd81afbb2d7f60d98334f631e2
NeoBundleLock vim-easymotion a21d4474f0e9df7a721246e0a3b386068901965f
NeoBundleLock vim-expand-region 966513543de0ddc2d673b5528a056269e7917276
NeoBundleLock vim-l9 9bcc19117c7d227c51d760cb3f2df7c7494416e2
NeoBundleLock vim-material-theme bbde47207b4897a09203b0b3c3c993c5f6792032
NeoBundleLock vim-multiple-cursors 73a78c926ad208bd1984e575ceece276d61a1404
NeoBundleLock vim-snipmate 7f91de39088138491e40a35a855adb70677b02d3
NeoBundleLock vim-snippets 413b3507fb280aff90add9b1acbb3c49b2d6873d
NeoBundleLock vim-surround 2d05440ad23f97a7874ebd9b5de3a0e65d25d85c
NeoBundleLock vim-wakatime 9fd813c489958f98f5e8b215ab8b91b47f86fb5a
NeoBundleLock vimproc ee10f742304fc222e7fef694c67ca900c35fc579
NeoBundleLock vimwiki 2f95a6a651bcc388af466e7377ae3ded3cfcc035
NeoBundleLock wells-colorscheme.vim 4719ebf4f3c9fc39016ef590bd1ca4a4b5967610
