NeoBundleLock bufexplorer 3dea4bb053b39f299fb94ff193d6f5a4e5d47ee8
NeoBundleLock ctrlsf.vim 9378bf62fdcd3b7d1d4a2b99628429fa573ca518
NeoBundleLock delimitMate c78a6e6d937333fed276bddc4589f6313e277a8e
NeoBundleLock emmet-vim af10f14ae5bf31e3cd3b4444e9c336b71821777b
NeoBundleLock indentLine ea6548ead8e8fcec46fcff13993059678b5be9a2
NeoBundleLock neobundle.vim 5e0a81aba9185199c634c81b3e502639c49850b4
NeoBundleLock nerdtree 3b98a7fcae8f9fff356907171f0406ff8cd28921
NeoBundleLock phpcomplete.vim 5905c065b0a7b86201ecaed304704c5a3cfa525f
NeoBundleLock supertab c8bfeceb1fc92ad58f2ae6967cbfcd6fbcb0d6e7
NeoBundleLock syntastic 272fc7df3a87876eb2ebd69d29c93920ef8c57c1
NeoBundleLock tcomment_vim c3d82bfabdc028cc7ebbe451641eb845e9a0d582
NeoBundleLock tlib_vim 2376d1233e7d1db8157fdc3157278dda7a2c796f
NeoBundleLock unite.vim de3f80a72a6361be0393c3db04379772675c40d1
NeoBundleLock vim-addon-mw-utils 0c5612fa31ee434ba055e21c76f456244b3b5109
NeoBundleLock vim-airline 1b8e4b965adc97af623bf71c046c7d7408aba725
NeoBundleLock vim-autocomplpop af334b3e3c7fd98bc74943ec32440e699e2b40ae
NeoBundleLock vim-easy-align c62d124be614de65922b15d468c4049d1eee9353
NeoBundleLock vim-easymotion 8acdfc60e58bb0600ded42a4f752bec6e3b6d882
NeoBundleLock vim-expand-region 966513543de0ddc2d673b5528a056269e7917276
NeoBundleLock vim-l9 9bcc19117c7d227c51d760cb3f2df7c7494416e2
NeoBundleLock vim-multiple-cursors 9abea1b01b368698cb8035d0e54bf69094f7b512
NeoBundleLock vim-snipmate 4b8232ff658c1421efb9743c94b4c9d970936f9e
NeoBundleLock vim-snippets a4465c7f243e8c4a9017074e10f709560f81583a
NeoBundleLock vim-surround ec579a50478758ee6cebe265cf536f9a2f6c4e34
NeoBundleLock vim-wakatime 8b0bdf56df6b8fdf4f939753b084d226f3970d2e
NeoBundleLock vimproc 0f68bcd93399ecbcde3eaa4efd09107314c9bdee
