NeoBundleLock ctrlsf.vim f8450bbd8f0829c5a5097cda13a2984e9868f016
NeoBundleLock vim-easymotion 22161037d7be38e1a650f06a169c935c4cdcf6dd
NeoBundleLock vim-easy-align c62d124be614de65922b15d468c4049d1eee9353
NeoBundleLock vim-airline 6387268f13c513d8afeb98d0621bd3da8219dfc6
NeoBundleLock unite.vim bccb695ee285dc5c88ae20d0a1f340e485a1a575
NeoBundleLock bufexplorer f3bbe12664b08038912faac586f6c0b5104325c3
NeoBundleLock vim-autocomplpop af334b3e3c7fd98bc74943ec32440e699e2b40ae
NeoBundleLock vim-multiple-cursors a95edcdffd98c5961f067796fbc2a1a82e0f6a83
NeoBundleLock syntastic b340672bd03d877ede83f95ccec6a98bbd536d42
NeoBundleLock vim-surround fa433e0b7330753688f715f3be5d10dc480f20e5
NeoBundleLock emmet-vim fcf44c5f6d7710b725425a939cf5daf59d961c16
NeoBundleLock vim-l9 9bcc19117c7d227c51d760cb3f2df7c7494416e2
NeoBundleLock tcomment_vim eb675f0a2e847428c446e97c07e0c91fa8b6e3c5
NeoBundleLock vimproc 98482672f888aec28ae3764e4432f7127ca8697b
NeoBundleLock neobundle.vim e4e6766e7bbcac9b7048ee247f02af9020b9df29
NeoBundleLock delimitMate 0049b07a1c2ead3819838140340f6910d883ae8a
NeoBundleLock vim-expand-region 966513543de0ddc2d673b5528a056269e7917276
NeoBundleLock phpcomplete.vim 1fffeb24407e93298680dbb1c077736db1fa0f4b
